
Microsoft Visual Studio Solution File, Format Version 12.00
# Visual Studio 15
VisualStudioVersion = 15.0.27130.2024
MinimumVisualStudioVersion = 10.0.40219.1
Project("{8BC9CEB8-8B4A-11D0-8D11-00A0C91BC942}") = "C++ Learning", "C++ Learning\C++ Learning.vcxproj", "{53190F29-D471-4AD4-85C0-02C3FF54F6FB}"
EndProject
Project("{8BC9CEB8-8B4A-11D0-8D11-00A0C91BC942}") = "fig03_05", "fig03_05\fig03_05.vcxproj", "{8C4D8E43-A226-4F48-82D8-12DFEBA44810}"
EndProject
Global
	GlobalSection(SolutionConfigurationPlatforms) = preSolution
		Debug|x64 = Debug|x64
		Debug|x86 = Debug|x86
		Release|x64 = Release|x64
		Release|x86 = Release|x86
	EndGlobalSection
	GlobalSection(ProjectConfigurationPlatforms) = postSolution
		{53190F29-D471-4AD4-85C0-02C3FF54F6FB}.Debug|x64.ActiveCfg = Debug|x64
		{53190F29-D471-4AD4-85C0-02C3FF54F6FB}.Debug|x64.Build.0 = Debug|x64
		{53190F29-D471-4AD4-85C0-02C3FF54F6FB}.Debug|x86.ActiveCfg = Debug|Win32
		{53190F29-D471-4AD4-85C0-02C3FF54F6FB}.Debug|x86.Build.0 = Debug|Win32
		{53190F29-D471-4AD4-85C0-02C3FF54F6FB}.Release|x64.ActiveCfg = Release|x64
		{53190F29-D471-4AD4-85C0-02C3FF54F6FB}.Release|x64.Build.0 = Release|x64
		{53190F29-D471-4AD4-85C0-02C3FF54F6FB}.Release|x86.ActiveCfg = Release|Win32
		{53190F29-D471-4AD4-85C0-02C3FF54F6FB}.Release|x86.Build.0 = Release|Win32
		{8C4D8E43-A226-4F48-82D8-12DFEBA44810}.Debug|x64.ActiveCfg = Debug|x64
		{8C4D8E43-A226-4F48-82D8-12DFEBA44810}.Debug|x64.Build.0 = Debug|x64
		{8C4D8E43-A226-4F48-82D8-12DFEBA44810}.Debug|x86.ActiveCfg = Debug|Win32
		{8C4D8E43-A226-4F48-82D8-12DFEBA44810}.Debug|x86.Build.0 = Debug|Win32
		{8C4D8E43-A226-4F48-82D8-12DFEBA44810}.Release|x64.ActiveCfg = Release|x64
		{8C4D8E43-A226-4F48-82D8-12DFEBA44810}.Release|x64.Build.0 = Release|x64
		{8C4D8E43-A226-4F48-82D8-12DFEBA44810}.Release|x86.ActiveCfg = Release|Win32
		{8C4D8E43-A226-4F48-82D8-12DFEBA44810}.Release|x86.Build.0 = Release|Win32
	EndGlobalSection
	GlobalSection(SolutionProperties) = preSolution
		HideSolutionNode = FALSE
	EndGlobalSection
	GlobalSection(ExtensibilityGlobals) = postSolution
		SolutionGuid = {37A70AE6-1105-4582-86A7-977E0E7C2F6C}
	EndGlobalSection
EndGlobal
