
Microsoft Visual Studio Solution File, Format Version 12.00
# Visual Studio 15
VisualStudioVersion = 15.0.27130.2024
MinimumVisualStudioVersion = 10.0.40219.1
Project("{8BC9CEB8-8B4A-11D0-8D11-00A0C91BC942}") = "C++ Learning", "C++ Learning\C++ Learning.vcxproj", "{53190F29-D471-4AD4-85C0-02C3FF54F6FB}"
EndProject
Project("{8BC9CEB8-8B4A-11D0-8D11-00A0C91BC942}") = "fig03_05", "fig03_05\fig03_05.vcxproj", "{8C4D8E43-A226-4F48-82D8-12DFEBA44810}"
EndProject
Project("{8BC9CEB8-8B4A-11D0-8D11-00A0C91BC942}") = "fig03_07", "fig03_07\fig03_07.vcxproj", "{10EA9D97-70DA-4813-B918-68116CD3F2E0}"
EndProject
Project("{8BC9CEB8-8B4A-11D0-8D11-00A0C91BC942}") = "fig03_10", "fig03_10\fig03_10.vcxproj", "{F6E256A0-8A57-48F5-B56D-0A2D23880CEB}"
EndProject
Project("{8BC9CEB8-8B4A-11D0-8D11-00A0C91BC942}") = "fig03_13", "fig03_13\fig03_13.vcxproj", "{139BA28A-9C22-460A-9CC3-BF3CF6A77032}"
EndProject
Project("{8BC9CEB8-8B4A-11D0-8D11-00A0C91BC942}") = "fig03_xiti", "fig03_xiti\fig03_xiti.vcxproj", "{8F877354-6093-4763-B50A-E4AD7DC4AF2B}"
EndProject
Project("{8BC9CEB8-8B4A-11D0-8D11-00A0C91BC942}") = "fig04_xiti", "fig04_xiti\fig04_xiti.vcxproj", "{5DD35525-473D-41C8-8D6B-451FEB9B6843}"
EndProject
Project("{8BC9CEB8-8B4A-11D0-8D11-00A0C91BC942}") = "fig04_10", "fig04_10\fig04_10.vcxproj", "{236D2C67-DC86-48E3-A3FA-345E62DD23E9}"
EndProject
Project("{8BC9CEB8-8B4A-11D0-8D11-00A0C91BC942}") = "fig04_xiticeshi", "fig04_xiticeshi\fig04_xiticeshi.vcxproj", "{FEA1AD5B-D4B8-4E78-A3D4-A76BA7AC101F}"
EndProject
Project("{8BC9CEB8-8B4A-11D0-8D11-00A0C91BC942}") = "fig04_xiti4.13", "fig04_xiti4.13\fig04_xiti4.13.vcxproj", "{0A033234-43CC-4445-88C2-28DEA2C7B00C}"
EndProject
Project("{8BC9CEB8-8B4A-11D0-8D11-00A0C91BC942}") = "fig04_xiti4.17", "fig_xiti4.17\fig_xiti4.17.vcxproj", "{B5D03BE3-A62F-4927-BC66-FA9912527254}"
EndProject
Project("{8BC9CEB8-8B4A-11D0-8D11-00A0C91BC942}") = "fig04_xiti4.19", "fig04_xiti4.19\fig04_xiti4.19.vcxproj", "{ED9595BC-01ED-461C-8324-69341E1AEC31}"
EndProject
Global
	GlobalSection(SolutionConfigurationPlatforms) = preSolution
		Debug|x64 = Debug|x64
		Debug|x86 = Debug|x86
		Release|x64 = Release|x64
		Release|x86 = Release|x86
	EndGlobalSection
	GlobalSection(ProjectConfigurationPlatforms) = postSolution
		{53190F29-D471-4AD4-85C0-02C3FF54F6FB}.Debug|x64.ActiveCfg = Debug|x64
		{53190F29-D471-4AD4-85C0-02C3FF54F6FB}.Debug|x64.Build.0 = Debug|x64
		{53190F29-D471-4AD4-85C0-02C3FF54F6FB}.Debug|x86.ActiveCfg = Debug|Win32
		{53190F29-D471-4AD4-85C0-02C3FF54F6FB}.Debug|x86.Build.0 = Debug|Win32
		{53190F29-D471-4AD4-85C0-02C3FF54F6FB}.Release|x64.ActiveCfg = Release|x64
		{53190F29-D471-4AD4-85C0-02C3FF54F6FB}.Release|x64.Build.0 = Release|x64
		{53190F29-D471-4AD4-85C0-02C3FF54F6FB}.Release|x86.ActiveCfg = Release|Win32
		{53190F29-D471-4AD4-85C0-02C3FF54F6FB}.Release|x86.Build.0 = Release|Win32
		{8C4D8E43-A226-4F48-82D8-12DFEBA44810}.Debug|x64.ActiveCfg = Debug|x64
		{8C4D8E43-A226-4F48-82D8-12DFEBA44810}.Debug|x64.Build.0 = Debug|x64
		{8C4D8E43-A226-4F48-82D8-12DFEBA44810}.Debug|x86.ActiveCfg = Debug|Win32
		{8C4D8E43-A226-4F48-82D8-12DFEBA44810}.Debug|x86.Build.0 = Debug|Win32
		{8C4D8E43-A226-4F48-82D8-12DFEBA44810}.Release|x64.ActiveCfg = Release|x64
		{8C4D8E43-A226-4F48-82D8-12DFEBA44810}.Release|x64.Build.0 = Release|x64
		{8C4D8E43-A226-4F48-82D8-12DFEBA44810}.Release|x86.ActiveCfg = Release|Win32
		{8C4D8E43-A226-4F48-82D8-12DFEBA44810}.Release|x86.Build.0 = Release|Win32
		{10EA9D97-70DA-4813-B918-68116CD3F2E0}.Debug|x64.ActiveCfg = Debug|x64
		{10EA9D97-70DA-4813-B918-68116CD3F2E0}.Debug|x64.Build.0 = Debug|x64
		{10EA9D97-70DA-4813-B918-68116CD3F2E0}.Debug|x86.ActiveCfg = Debug|Win32
		{10EA9D97-70DA-4813-B918-68116CD3F2E0}.Debug|x86.Build.0 = Debug|Win32
		{10EA9D97-70DA-4813-B918-68116CD3F2E0}.Release|x64.ActiveCfg = Release|x64
		{10EA9D97-70DA-4813-B918-68116CD3F2E0}.Release|x64.Build.0 = Release|x64
		{10EA9D97-70DA-4813-B918-68116CD3F2E0}.Release|x86.ActiveCfg = Release|Win32
		{10EA9D97-70DA-4813-B918-68116CD3F2E0}.Release|x86.Build.0 = Release|Win32
		{F6E256A0-8A57-48F5-B56D-0A2D23880CEB}.Debug|x64.ActiveCfg = Debug|x64
		{F6E256A0-8A57-48F5-B56D-0A2D23880CEB}.Debug|x64.Build.0 = Debug|x64
		{F6E256A0-8A57-48F5-B56D-0A2D23880CEB}.Debug|x86.ActiveCfg = Debug|Win32
		{F6E256A0-8A57-48F5-B56D-0A2D23880CEB}.Debug|x86.Build.0 = Debug|Win32
		{F6E256A0-8A57-48F5-B56D-0A2D23880CEB}.Release|x64.ActiveCfg = Release|x64
		{F6E256A0-8A57-48F5-B56D-0A2D23880CEB}.Release|x64.Build.0 = Release|x64
		{F6E256A0-8A57-48F5-B56D-0A2D23880CEB}.Release|x86.ActiveCfg = Release|Win32
		{F6E256A0-8A57-48F5-B56D-0A2D23880CEB}.Release|x86.Build.0 = Release|Win32
		{139BA28A-9C22-460A-9CC3-BF3CF6A77032}.Debug|x64.ActiveCfg = Debug|x64
		{139BA28A-9C22-460A-9CC3-BF3CF6A77032}.Debug|x64.Build.0 = Debug|x64
		{139BA28A-9C22-460A-9CC3-BF3CF6A77032}.Debug|x86.ActiveCfg = Debug|Win32
		{139BA28A-9C22-460A-9CC3-BF3CF6A77032}.Debug|x86.Build.0 = Debug|Win32
		{139BA28A-9C22-460A-9CC3-BF3CF6A77032}.Release|x64.ActiveCfg = Release|x64
		{139BA28A-9C22-460A-9CC3-BF3CF6A77032}.Release|x64.Build.0 = Release|x64
		{139BA28A-9C22-460A-9CC3-BF3CF6A77032}.Release|x86.ActiveCfg = Release|Win32
		{139BA28A-9C22-460A-9CC3-BF3CF6A77032}.Release|x86.Build.0 = Release|Win32
		{8F877354-6093-4763-B50A-E4AD7DC4AF2B}.Debug|x64.ActiveCfg = Debug|x64
		{8F877354-6093-4763-B50A-E4AD7DC4AF2B}.Debug|x64.Build.0 = Debug|x64
		{8F877354-6093-4763-B50A-E4AD7DC4AF2B}.Debug|x86.ActiveCfg = Debug|Win32
		{8F877354-6093-4763-B50A-E4AD7DC4AF2B}.Debug|x86.Build.0 = Debug|Win32
		{8F877354-6093-4763-B50A-E4AD7DC4AF2B}.Release|x64.ActiveCfg = Release|x64
		{8F877354-6093-4763-B50A-E4AD7DC4AF2B}.Release|x64.Build.0 = Release|x64
		{8F877354-6093-4763-B50A-E4AD7DC4AF2B}.Release|x86.ActiveCfg = Release|Win32
		{8F877354-6093-4763-B50A-E4AD7DC4AF2B}.Release|x86.Build.0 = Release|Win32
		{5DD35525-473D-41C8-8D6B-451FEB9B6843}.Debug|x64.ActiveCfg = Debug|x64
		{5DD35525-473D-41C8-8D6B-451FEB9B6843}.Debug|x64.Build.0 = Debug|x64
		{5DD35525-473D-41C8-8D6B-451FEB9B6843}.Debug|x86.ActiveCfg = Debug|Win32
		{5DD35525-473D-41C8-8D6B-451FEB9B6843}.Debug|x86.Build.0 = Debug|Win32
		{5DD35525-473D-41C8-8D6B-451FEB9B6843}.Release|x64.ActiveCfg = Release|x64
		{5DD35525-473D-41C8-8D6B-451FEB9B6843}.Release|x64.Build.0 = Release|x64
		{5DD35525-473D-41C8-8D6B-451FEB9B6843}.Release|x86.ActiveCfg = Release|Win32
		{5DD35525-473D-41C8-8D6B-451FEB9B6843}.Release|x86.Build.0 = Release|Win32
		{236D2C67-DC86-48E3-A3FA-345E62DD23E9}.Debug|x64.ActiveCfg = Debug|x64
		{236D2C67-DC86-48E3-A3FA-345E62DD23E9}.Debug|x64.Build.0 = Debug|x64
		{236D2C67-DC86-48E3-A3FA-345E62DD23E9}.Debug|x86.ActiveCfg = Debug|Win32
		{236D2C67-DC86-48E3-A3FA-345E62DD23E9}.Debug|x86.Build.0 = Debug|Win32
		{236D2C67-DC86-48E3-A3FA-345E62DD23E9}.Release|x64.ActiveCfg = Release|x64
		{236D2C67-DC86-48E3-A3FA-345E62DD23E9}.Release|x64.Build.0 = Release|x64
		{236D2C67-DC86-48E3-A3FA-345E62DD23E9}.Release|x86.ActiveCfg = Release|Win32
		{236D2C67-DC86-48E3-A3FA-345E62DD23E9}.Release|x86.Build.0 = Release|Win32
		{FEA1AD5B-D4B8-4E78-A3D4-A76BA7AC101F}.Debug|x64.ActiveCfg = Debug|x64
		{FEA1AD5B-D4B8-4E78-A3D4-A76BA7AC101F}.Debug|x64.Build.0 = Debug|x64
		{FEA1AD5B-D4B8-4E78-A3D4-A76BA7AC101F}.Debug|x86.ActiveCfg = Debug|Win32
		{FEA1AD5B-D4B8-4E78-A3D4-A76BA7AC101F}.Debug|x86.Build.0 = Debug|Win32
		{FEA1AD5B-D4B8-4E78-A3D4-A76BA7AC101F}.Release|x64.ActiveCfg = Release|x64
		{FEA1AD5B-D4B8-4E78-A3D4-A76BA7AC101F}.Release|x64.Build.0 = Release|x64
		{FEA1AD5B-D4B8-4E78-A3D4-A76BA7AC101F}.Release|x86.ActiveCfg = Release|Win32
		{FEA1AD5B-D4B8-4E78-A3D4-A76BA7AC101F}.Release|x86.Build.0 = Release|Win32
		{0A033234-43CC-4445-88C2-28DEA2C7B00C}.Debug|x64.ActiveCfg = Debug|x64
		{0A033234-43CC-4445-88C2-28DEA2C7B00C}.Debug|x64.Build.0 = Debug|x64
		{0A033234-43CC-4445-88C2-28DEA2C7B00C}.Debug|x86.ActiveCfg = Debug|Win32
		{0A033234-43CC-4445-88C2-28DEA2C7B00C}.Debug|x86.Build.0 = Debug|Win32
		{0A033234-43CC-4445-88C2-28DEA2C7B00C}.Release|x64.ActiveCfg = Release|x64
		{0A033234-43CC-4445-88C2-28DEA2C7B00C}.Release|x64.Build.0 = Release|x64
		{0A033234-43CC-4445-88C2-28DEA2C7B00C}.Release|x86.ActiveCfg = Release|Win32
		{0A033234-43CC-4445-88C2-28DEA2C7B00C}.Release|x86.Build.0 = Release|Win32
		{B5D03BE3-A62F-4927-BC66-FA9912527254}.Debug|x64.ActiveCfg = Debug|x64
		{B5D03BE3-A62F-4927-BC66-FA9912527254}.Debug|x64.Build.0 = Debug|x64
		{B5D03BE3-A62F-4927-BC66-FA9912527254}.Debug|x86.ActiveCfg = Debug|Win32
		{B5D03BE3-A62F-4927-BC66-FA9912527254}.Debug|x86.Build.0 = Debug|Win32
		{B5D03BE3-A62F-4927-BC66-FA9912527254}.Release|x64.ActiveCfg = Release|x64
		{B5D03BE3-A62F-4927-BC66-FA9912527254}.Release|x64.Build.0 = Release|x64
		{B5D03BE3-A62F-4927-BC66-FA9912527254}.Release|x86.ActiveCfg = Release|Win32
		{B5D03BE3-A62F-4927-BC66-FA9912527254}.Release|x86.Build.0 = Release|Win32
		{ED9595BC-01ED-461C-8324-69341E1AEC31}.Debug|x64.ActiveCfg = Debug|x64
		{ED9595BC-01ED-461C-8324-69341E1AEC31}.Debug|x64.Build.0 = Debug|x64
		{ED9595BC-01ED-461C-8324-69341E1AEC31}.Debug|x86.ActiveCfg = Debug|Win32
		{ED9595BC-01ED-461C-8324-69341E1AEC31}.Debug|x86.Build.0 = Debug|Win32
		{ED9595BC-01ED-461C-8324-69341E1AEC31}.Release|x64.ActiveCfg = Release|x64
		{ED9595BC-01ED-461C-8324-69341E1AEC31}.Release|x64.Build.0 = Release|x64
		{ED9595BC-01ED-461C-8324-69341E1AEC31}.Release|x86.ActiveCfg = Release|Win32
		{ED9595BC-01ED-461C-8324-69341E1AEC31}.Release|x86.Build.0 = Release|Win32
	EndGlobalSection
	GlobalSection(SolutionProperties) = preSolution
		HideSolutionNode = FALSE
	EndGlobalSection
	GlobalSection(ExtensibilityGlobals) = postSolution
		SolutionGuid = {37A70AE6-1105-4582-86A7-977E0E7C2F6C}
	EndGlobalSection
EndGlobal
